// !$*UTF8*$!
{
	archiveVersion = 1;
	classes = {
	};
	objectVersion = 56;
	objects = {

/* Begin PBXBuildFile section */
		D684222B2B2DC62000DF0EC0 /* AppDelegate.swift in Sources */ = {isa = PBXBuildFile; fileRef = D684222A2B2DC62000DF0EC0 /* AppDelegate.swift */; };
		D684222D2B2DC62000DF0EC0 /* SceneDelegate.swift in Sources */ = {isa = PBXBuildFile; fileRef = D684222C2B2DC62000DF0EC0 /* SceneDelegate.swift */; };
		D684222F2B2DC62000DF0EC0 /* ViewController.swift in Sources */ = {isa = PBXBuildFile; fileRef = D684222E2B2DC62000DF0EC0 /* ViewController.swift */; };
		D68422322B2DC62100DF0EC0 /* Main.storyboard in Resources */ = {isa = PBXBuildFile; fileRef = D68422302B2DC62100DF0EC0 /* Main.storyboard */; };
		D68422342B2DC62300DF0EC0 /* Assets.xcassets in Resources */ = {isa = PBXBuildFile; fileRef = D68422332B2DC62300DF0EC0 /* Assets.xcassets */; };
		D68422372B2DC62300DF0EC0 /* LaunchScreen.storyboard in Resources */ = {isa = PBXBuildFile; fileRef = D68422352B2DC62300DF0EC0 /* LaunchScreen.storyboard */; };
		D68422422B2DC62300DF0EC0 /* GetSiteWebArchiveTests.swift in Sources */ = {isa = PBXBuildFile; fileRef = D68422412B2DC62300DF0EC0 /* GetSiteWebArchiveTests.swift */; };
		D684224C2B2DC62300DF0EC0 /* GetSiteWebArchiveUITests.swift in Sources */ = {isa = PBXBuildFile; fileRef = D684224B2B2DC62300DF0EC0 /* GetSiteWebArchiveUITests.swift */; };
		D684224E2B2DC62300DF0EC0 /* GetSiteWebArchiveUITestsLaunchTests.swift in Sources */ = {isa = PBXBuildFile; fileRef = D684224D2B2DC62300DF0EC0 /* GetSiteWebArchiveUITestsLaunchTests.swift */; };
/* End PBXBuildFile section */

/* Begin PBXContainerItemProxy section */
		D684223E2B2DC62300DF0EC0 /* PBXContainerItemProxy */ = {
			isa = PBXContainerItemProxy;
			containerPortal = D684221F2B2DC62000DF0EC0 /* Project object */;
			proxyType = 1;
			remoteGlobalIDString = D68422262B2DC62000DF0EC0;
			remoteInfo = GetSiteWebArchive;
		};
		D68422482B2DC62300DF0EC0 /* PBXContainerItemProxy */ = {
			isa = PBXContainerItemProxy;
			containerPortal = D684221F2B2DC62000DF0EC0 /* Project object */;
			proxyType = 1;
			remoteGlobalIDString = D68422262B2DC62000DF0EC0;
			remoteInfo = GetSiteWebArchive;
		};
/* End PBXContainerItemProxy section */

/* Begin PBXFileReference section */
		D68422272B2DC62000DF0EC0 /* GetSiteWebArchive.app */ = {isa = PBXFileReference; explicitFileType = wrapper.application; includeInIndex = 0; path = GetSiteWebArchive.app; sourceTree = BUILT_PRODUCTS_DIR; };
		D684222A2B2DC62000DF0EC0 /* AppDelegate.swift */ = {isa = PBXFileReference; lastKnownFileType = sourcecode.swift; path = AppDelegate.swift; sourceTree = "<group>"; };
		D684222C2B2DC62000DF0EC0 /* SceneDelegate.swift */ = {isa = PBXFileReference; lastKnownFileType = sourcecode.swift; path = SceneDelegate.swift; sourceTree = "<group>"; };
		D684222E2B2DC62000DF0EC0 /* ViewController.swift */ = {isa = PBXFileReference; lastKnownFileType = sourcecode.swift; path = ViewController.swift; sourceTree = "<group>"; };
		D68422312B2DC62100DF0EC0 /* Base */ = {isa = PBXFileReference; lastKnownFileType = file.storyboard; name = Base; path = Base.lproj/Main.storyboard; sourceTree = "<group>"; };
		D68422332B2DC62300DF0EC0 /* Assets.xcassets */ = {isa = PBXFileReference; lastKnownFileType = folder.assetcatalog; path = Assets.xcassets; sourceTree = "<group>"; };
		D68422362B2DC62300DF0EC0 /* Base */ = {isa = PBXFileReference; lastKnownFileType = file.storyboard; name = Base; path = Base.lproj/LaunchScreen.storyboard; sourceTree = "<group>"; };
		D68422382B2DC62300DF0EC0 /* Info.plist */ = {isa = PBXFileReference; lastKnownFileType = text.plist.xml; path = Info.plist; sourceTree = "<group>"; };
		D684223D2B2DC62300DF0EC0 /* GetSiteWebArchiveTests.xctest */ = {isa = PBXFileReference; explicitFileType = wrapper.cfbundle; includeInIndex = 0; path = GetSiteWebArchiveTests.xctest; sourceTree = BUILT_PRODUCTS_DIR; };
		D68422412B2DC62300DF0EC0 /* GetSiteWebArchiveTests.swift */ = {isa = PBXFileReference; lastKnownFileType = sourcecode.swift; path = GetSiteWebArchiveTests.swift; sourceTree = "<group>"; };
		D68422472B2DC62300DF0EC0 /* GetSiteWebArchiveUITests.xctest */ = {isa = PBXFileReference; explicitFileType = wrapper.cfbundle; includeInIndex = 0; path = GetSiteWebArchiveUITests.xctest; sourceTree = BUILT_PRODUCTS_DIR; };
		D684224B2B2DC62300DF0EC0 /* GetSiteWebArchiveUITests.swift */ = {isa = PBXFileReference; lastKnownFileType = sourcecode.swift; path = GetSiteWebArchiveUITests.swift; sourceTree = "<group>"; };
		D684224D2B2DC62300DF0EC0 /* GetSiteWebArchiveUITestsLaunchTests.swift */ = {isa = PBXFileReference; lastKnownFileType = sourcecode.swift; path = GetSiteWebArchiveUITestsLaunchTests.swift; sourceTree = "<group>"; };
/* End PBXFileReference section */

/* Begin PBXFrameworksBuildPhase section */
		D68422242B2DC62000DF0EC0 /* Frameworks */ = {
			isa = PBXFrameworksBuildPhase;
			buildActionMask = 2147483647;
			files = (
			);
			runOnlyForDeploymentPostprocessing = 0;
		};
		D684223A2B2DC62300DF0EC0 /* Frameworks */ = {
			isa = PBXFrameworksBuildPhase;
			buildActionMask = 2147483647;
			files = (
			);
			runOnlyForDeploymentPostprocessing = 0;
		};
		D68422442B2DC62300DF0EC0 /* Frameworks */ = {
			isa = PBXFrameworksBuildPhase;
			buildActionMask = 2147483647;
			files = (
			);
			runOnlyForDeploymentPostprocessing = 0;
		};
/* End PBXFrameworksBuildPhase section */

/* Begin PBXGroup section */
		D684221E2B2DC62000DF0EC0 = {
			isa = PBXGroup;
			children = (
				D68422292B2DC62000DF0EC0 /* GetSiteWebArchive */,
				D68422402B2DC62300DF0EC0 /* GetSiteWebArchiveTests */,
				D684224A2B2DC62300DF0EC0 /* GetSiteWebArchiveUITests */,
				D68422282B2DC62000DF0EC0 /* Products */,
			);
			sourceTree = "<group>";
		};
		D68422282B2DC62000DF0EC0 /* Products */ = {
			isa = PBXGroup;
			children = (
				D68422272B2DC62000DF0EC0 /* GetSiteWebArchive.app */,
				D684223D2B2DC62300DF0EC0 /* GetSiteWebArchiveTests.xctest */,
				D68422472B2DC62300DF0EC0 /* GetSiteWebArchiveUITests.xctest */,
			);
			name = Products;
			sourceTree = "<group>";
		};
		D68422292B2DC62000DF0EC0 /* GetSiteWebArchive */ = {
			isa = PBXGroup;
			children = (
				D684222A2B2DC62000DF0EC0 /* AppDelegate.swift */,
				D684222C2B2DC62000DF0EC0 /* SceneDelegate.swift */,
				D684222E2B2DC62000DF0EC0 /* ViewController.swift */,
				D68422302B2DC62100DF0EC0 /* Main.storyboard */,
				D68422332B2DC62300DF0EC0 /* Assets.xcassets */,
				D68422352B2DC62300DF0EC0 /* LaunchScreen.storyboard */,
				D68422382B2DC62300DF0EC0 /* Info.plist */,
			);
			path = GetSiteWebArchive;
			sourceTree = "<group>";
		};
		D68422402B2DC62300DF0EC0 /* GetSiteWebArchiveTests */ = {
			isa = PBXGroup;
			children = (
				D68422412B2DC62300DF0EC0 /* GetSiteWebArchiveTests.swift */,
			);
			path = GetSiteWebArchiveTests;
			sourceTree = "<group>";
		};
		D684224A2B2DC62300DF0EC0 /* GetSiteWebArchiveUITests */ = {
			isa = PBXGroup;
			children = (
				D684224B2B2DC62300DF0EC0 /* GetSiteWebArchiveUITests.swift */,
				D684224D2B2DC62300DF0EC0 /* GetSiteWebArchiveUITestsLaunchTests.swift */,
			);
			path = GetSiteWebArchiveUITests;
			sourceTree = "<group>";
		};
/* End PBXGroup section */

/* Begin PBXNativeTarget section */
		D68422262B2DC62000DF0EC0 /* GetSiteWebArchive */ = {
			isa = PBXNativeTarget;
			buildConfigurationList = D68422512B2DC62300DF0EC0 /* Build configuration list for PBXNativeTarget "GetSiteWebArchive" */;
			buildPhases = (
				D68422232B2DC62000DF0EC0 /* Sources */,
				D68422242B2DC62000DF0EC0 /* Frameworks */,
				D68422252B2DC62000DF0EC0 /* Resources */,
			);
			buildRules = (
			);
			dependencies = (
			);
			name = GetSiteWebArchive;
			productName = GetSiteWebArchive;
			productReference = D68422272B2DC62000DF0EC0 /* GetSiteWebArchive.app */;
			productType = "com.apple.product-type.application";
		};
		D684223C2B2DC62300DF0EC0 /* GetSiteWebArchiveTests */ = {
			isa = PBXNativeTarget;
			buildConfigurationList = D68422542B2DC62300DF0EC0 /* Build configuration list for PBXNativeTarget "GetSiteWebArchiveTests" */;
			buildPhases = (
				D68422392B2DC62300DF0EC0 /* Sources */,
				D684223A2B2DC62300DF0EC0 /* Frameworks */,
				D684223B2B2DC62300DF0EC0 /* Resources */,
			);
			buildRules = (
			);
			dependencies = (
				D684223F2B2DC62300DF0EC0 /* PBXTargetDependency */,
			);
			name = GetSiteWebArchiveTests;
			productName = GetSiteWebArchiveTests;
			productReference = D684223D2B2DC62300DF0EC0 /* GetSiteWebArchiveTests.xctest */;
			productType = "com.apple.product-type.bundle.unit-test";
		};
		D68422462B2DC62300DF0EC0 /* GetSiteWebArchiveUITests */ = {
			isa = PBXNativeTarget;
			buildConfigurationList = D68422572B2DC62300DF0EC0 /* Build configuration list for PBXNativeTarget "GetSiteWebArchiveUITests" */;
			buildPhases = (
				D68422432B2DC62300DF0EC0 /* Sources */,
				D68422442B2DC62300DF0EC0 /* Frameworks */,
				D68422452B2DC62300DF0EC0 /* Resources */,
			);
			buildRules = (
			);
			dependencies = (
				D68422492B2DC62300DF0EC0 /* PBXTargetDependency */,
			);
			name = GetSiteWebArchiveUITests;
			productName = GetSiteWebArchiveUITests;
			productReference = D68422472B2DC62300DF0EC0 /* GetSiteWebArchiveUITests.xctest */;
			productType = "com.apple.product-type.bundle.ui-testing";
		};
/* End PBXNativeTarget section */

/* Begin PBXProject section */
		D684221F2B2DC62000DF0EC0 /* Project object */ = {
			isa = PBXProject;
			attributes = {
				BuildIndependentTargetsInParallel = 1;
				LastSwiftUpdateCheck = 1510;
				LastUpgradeCheck = 1510;
				TargetAttributes = {
					D68422262B2DC62000DF0EC0 = {
						CreatedOnToolsVersion = 15.1;
					};
					D684223C2B2DC62300DF0EC0 = {
						CreatedOnToolsVersion = 15.1;
						TestTargetID = D68422262B2DC62000DF0EC0;
					};
					D68422462B2DC62300DF0EC0 = {
						CreatedOnToolsVersion = 15.1;
						TestTargetID = D68422262B2DC62000DF0EC0;
					};
				};
			};
			buildConfigurationList = D68422222B2DC62000DF0EC0 /* Build configuration list for PBXProject "GetSiteWebArchive" */;
			compatibilityVersion = "Xcode 14.0";
			developmentRegion = en;
			hasScannedForEncodings = 0;
			knownRegions = (
				en,
				Base,
			);
			mainGroup = D684221E2B2DC62000DF0EC0;
			productRefGroup = D68422282B2DC62000DF0EC0 /* Products */;
			projectDirPath = "";
			projectRoot = "";
			targets = (
				D68422262B2DC62000DF0EC0 /* GetSiteWebArchive */,
				D684223C2B2DC62300DF0EC0 /* GetSiteWebArchiveTests */,
				D68422462B2DC62300DF0EC0 /* GetSiteWebArchiveUITests */,
			);
		};
/* End PBXProject section */

/* Begin PBXResourcesBuildPhase section */
		D68422252B2DC62000DF0EC0 /* Resources */ = {
			isa = PBXResourcesBuildPhase;
			buildActionMask = 2147483647;
			files = (
				D68422372B2DC62300DF0EC0 /* LaunchScreen.storyboard in Resources */,
				D68422342B2DC62300DF0EC0 /* Assets.xcassets in Resources */,
				D68422322B2DC62100DF0EC0 /* Main.storyboard in Resources */,
			);
			runOnlyForDeploymentPostprocessing = 0;
		};
		D684223B2B2DC62300DF0EC0 /* Resources */ = {
			isa = PBXResourcesBuildPhase;
			buildActionMask = 2147483647;
			files = (
			);
			runOnlyForDeploymentPostprocessing = 0;
		};
		D68422452B2DC62300DF0EC0 /* Resources */ = {
			isa = PBXResourcesBuildPhase;
			buildActionMask = 2147483647;
			files = (
			);
			runOnlyForDeploymentPostprocessing = 0;
		};
/* End PBXResourcesBuildPhase section */

/* Begin PBXSourcesBuildPhase section */
		D68422232B2DC62000DF0EC0 /* Sources */ = {
			isa = PBXSourcesBuildPhase;
			buildActionMask = 2147483647;
			files = (
				D684222F2B2DC62000DF0EC0 /* ViewController.swift in Sources */,
				D684222B2B2DC62000DF0EC0 /* AppDelegate.swift in Sources */,
				D684222D2B2DC62000DF0EC0 /* SceneDelegate.swift in Sources */,
			);
			runOnlyForDeploymentPostprocessing = 0;
		};
		D68422392B2DC62300DF0EC0 /* Sources */ = {
			isa = PBXSourcesBuildPhase;
			buildActionMask = 2147483647;
			files = (
				D68422422B2DC62300DF0EC0 /* GetSiteWebArchiveTests.swift in Sources */,
			);
			runOnlyForDeploymentPostprocessing = 0;
		};
		D68422432B2DC62300DF0EC0 /* Sources */ = {
			isa = PBXSourcesBuildPhase;
			buildActionMask = 2147483647;
			files = (
				D684224E2B2DC62300DF0EC0 /* GetSiteWebArchiveUITestsLaunchTests.swift in Sources */,
				D684224C2B2DC62300DF0EC0 /* GetSiteWebArchiveUITests.swift in Sources */,
			);
			runOnlyForDeploymentPostprocessing = 0;
		};
/* End PBXSourcesBuildPhase section */

/* Begin PBXTargetDependency section */
		D684223F2B2DC62300DF0EC0 /* PBXTargetDependency */ = {
			isa = PBXTargetDependency;
			target = D68422262B2DC62000DF0EC0 /* GetSiteWebArchive */;
			targetProxy = D684223E2B2DC62300DF0EC0 /* PBXContainerItemProxy */;
		};
		D68422492B2DC62300DF0EC0 /* PBXTargetDependency */ = {
			isa = PBXTargetDependency;
			target = D68422262B2DC62000DF0EC0 /* GetSiteWebArchive */;
			targetProxy = D68422482B2DC62300DF0EC0 /* PBXContainerItemProxy */;
		};
/* End PBXTargetDependency section */

/* Begin PBXVariantGroup section */
		D68422302B2DC62100DF0EC0 /* Main.storyboard */ = {
			isa = PBXVariantGroup;
			children = (
				D68422312B2DC62100DF0EC0 /* Base */,
			);
			name = Main.storyboard;
			sourceTree = "<group>";
		};
		D68422352B2DC62300DF0EC0 /* LaunchScreen.storyboard */ = {
			isa = PBXVariantGroup;
			children = (
				D68422362B2DC62300DF0EC0 /* Base */,
			);
			name = LaunchScreen.storyboard;
			sourceTree = "<group>";
		};
/* End PBXVariantGroup section */

/* Begin XCBuildConfiguration section */
		D684224F2B2DC62300DF0EC0 /* Debug */ = {
			isa = XCBuildConfiguration;
			buildSettings = {
				ALWAYS_SEARCH_USER_PATHS = NO;
				ASSETCATALOG_COMPILER_GENERATE_SWIFT_ASSET_SYMBOL_EXTENSIONS = YES;
				CLANG_ANALYZER_NONNULL = YES;
				CLANG_ANALYZER_NUMBER_OBJECT_CONVERSION = YES_AGGRESSIVE;
				CLANG_CXX_LANGUAGE_STANDARD = "gnu++20";
				CLANG_ENABLE_MODULES = YES;
				CLANG_ENABLE_OBJC_ARC = YES;
				CLANG_ENABLE_OBJC_WEAK = YES;
				CLANG_WARN_BLOCK_CAPTURE_AUTORELEASING = YES;
				CLANG_WARN_BOOL_CONVERSION = YES;
				CLANG_WARN_COMMA = YES;
				CLANG_WARN_CONSTANT_CONVERSION = YES;
				CLANG_WARN_DEPRECATED_OBJC_IMPLEMENTATIONS = YES;
				CLANG_WARN_DIRECT_OBJC_ISA_USAGE = YES_ERROR;
				CLANG_WARN_DOCUMENTATION_COMMENTS = YES;
				CLANG_WARN_EMPTY_BODY = YES;
				CLANG_WARN_ENUM_CONVERSION = YES;
				CLANG_WARN_INFINITE_RECURSION = YES;
				CLANG_WARN_INT_CONVERSION = YES;
				CLANG_WARN_NON_LITERAL_NULL_CONVERSION = YES;
				CLANG_WARN_OBJC_IMPLICIT_RETAIN_SELF = YES;
				CLANG_WARN_OBJC_LITERAL_CONVERSION = YES;
				CLANG_WARN_OBJC_ROOT_CLASS = YES_ERROR;
				CLANG_WARN_QUOTED_INCLUDE_IN_FRAMEWORK_HEADER = YES;
				CLANG_WARN_RANGE_LOOP_ANALYSIS = YES;
				CLANG_WARN_STRICT_PROTOTYPES = YES;
				CLANG_WARN_SUSPICIOUS_MOVE = YES;
				CLANG_WARN_UNGUARDED_AVAILABILITY = YES_AGGRESSIVE;
				CLANG_WARN_UNREACHABLE_CODE = YES;
				CLANG_WARN__DUPLICATE_METHOD_MATCH = YES;
				COPY_PHASE_STRIP = NO;
				DEBUG_INFORMATION_FORMAT = dwarf;
				ENABLE_STRICT_OBJC_MSGSEND = YES;
				ENABLE_TESTABILITY = YES;
				ENABLE_USER_SCRIPT_SANDBOXING = YES;
				GCC_C_LANGUAGE_STANDARD = gnu17;
				GCC_DYNAMIC_NO_PIC = NO;
				GCC_NO_COMMON_BLOCKS = YES;
				GCC_OPTIMIZATION_LEVEL = 0;
				GCC_PREPROCESSOR_DEFINITIONS = (
					"DEBUG=1",
					"$(inherited)",
				);
				GCC_WARN_64_TO_32_BIT_CONVERSION = YES;
				GCC_WARN_ABOUT_RETURN_TYPE = YES_ERROR;
				GCC_WARN_UNDECLARED_SELECTOR = YES;
				GCC_WARN_UNINITIALIZED_AUTOS = YES_AGGRESSIVE;
				GCC_WARN_UNUSED_FUNCTION = YES;
				GCC_WARN_UNUSED_VARIABLE = YES;
				IPHONEOS_DEPLOYMENT_TARGET = 17.2;
				LOCALIZATION_PREFERS_STRING_CATALOGS = YES;
				MTL_ENABLE_DEBUG_INFO = INCLUDE_SOURCE;
				MTL_FAST_MATH = YES;
				ONLY_ACTIVE_ARCH = YES;
				SDKROOT = iphoneos;
				SWIFT_ACTIVE_COMPILATION_CONDITIONS = "DEBUG $(inherited)";
				SWIFT_OPTIMIZATION_LEVEL = "-Onone";
			};
			name = Debug;
		};
		D68422502B2DC62300DF0EC0 /* Release */ = {
			isa = XCBuildConfiguration;
			buildSettings = {
				ALWAYS_SEARCH_USER_PATHS = NO;
				ASSETCATALOG_COMPILER_GENERATE_SWIFT_ASSET_SYMBOL_EXTENSIONS = YES;
				CLANG_ANALYZER_NONNULL = YES;
				CLANG_ANALYZER_NUMBER_OBJECT_CONVERSION = YES_AGGRESSIVE;
				CLANG_CXX_LANGUAGE_STANDARD = "gnu++20";
				CLANG_ENABLE_MODULES = YES;
				CLANG_ENABLE_OBJC_ARC = YES;
				CLANG_ENABLE_OBJC_WEAK = YES;
				CLANG_WARN_BLOCK_CAPTURE_AUTORELEASING = YES;
				CLANG_WARN_BOOL_CONVERSION = YES;
				CLANG_WARN_COMMA = YES;
				CLANG_WARN_CONSTANT_CONVERSION = YES;
				CLANG_WARN_DEPRECATED_OBJC_IMPLEMENTATIONS = YES;
				CLANG_WARN_DIRECT_OBJC_ISA_USAGE = YES_ERROR;
				CLANG_WARN_DOCUMENTATION_COMMENTS = YES;
				CLANG_WARN_EMPTY_BODY = YES;
				CLANG_WARN_ENUM_CONVERSION = YES;
				CLANG_WARN_INFINITE_RECURSION = YES;
				CLANG_WARN_INT_CONVERSION = YES;
				CLANG_WARN_NON_LITERAL_NULL_CONVERSION = YES;
				CLANG_WARN_OBJC_IMPLICIT_RETAIN_SELF = YES;
				CLANG_WARN_OBJC_LITERAL_CONVERSION = YES;
				CLANG_WARN_OBJC_ROOT_CLASS = YES_ERROR;
				CLANG_WARN_QUOTED_INCLUDE_IN_FRAMEWORK_HEADER = YES;
				CLANG_WARN_RANGE_LOOP_ANALYSIS = YES;
				CLANG_WARN_STRICT_PROTOTYPES = YES;
				CLANG_WARN_SUSPICIOUS_MOVE = YES;
				CLANG_WARN_UNGUARDED_AVAILABILITY = YES_AGGRESSIVE;
				CLANG_WARN_UNREACHABLE_CODE = YES;
				CLANG_WARN__DUPLICATE_METHOD_MATCH = YES;
				COPY_PHASE_STRIP = NO;
				DEBUG_INFORMATION_FORMAT = "dwarf-with-dsym";
				ENABLE_NS_ASSERTIONS = NO;
				ENABLE_STRICT_OBJC_MSGSEND = YES;
				ENABLE_USER_SCRIPT_SANDBOXING = YES;
				GCC_C_LANGUAGE_STANDARD = gnu17;
				GCC_NO_COMMON_BLOCKS = YES;
				GCC_WARN_64_TO_32_BIT_CONVERSION = YES;
				GCC_WARN_ABOUT_RETURN_TYPE = YES_ERROR;
				GCC_WARN_UNDECLARED_SELECTOR = YES;
				GCC_WARN_UNINITIALIZED_AUTOS = YES_AGGRESSIVE;
				GCC_WARN_UNUSED_FUNCTION = YES;
				GCC_WARN_UNUSED_VARIABLE = YES;
				IPHONEOS_DEPLOYMENT_TARGET = 17.2;
				LOCALIZATION_PREFERS_STRING_CATALOGS = YES;
				MTL_ENABLE_DEBUG_INFO = NO;
				MTL_FAST_MATH = YES;
				SDKROOT = iphoneos;
				SWIFT_COMPILATION_MODE = wholemodule;
				VALIDATE_PRODUCT = YES;
			};
			name = Release;
		};
		D68422522B2DC62300DF0EC0 /* Debug */ = {
			isa = XCBuildConfiguration;
			buildSettings = {
				ASSETCATALOG_COMPILER_APPICON_NAME = AppIcon;
				ASSETCATALOG_COMPILER_GLOBAL_ACCENT_COLOR_NAME = AccentColor;
				CODE_SIGN_STYLE = Automatic;
				CURRENT_PROJECT_VERSION = 1;
				GENERATE_INFOPLIST_FILE = YES;
				INFOPLIST_FILE = GetSiteWebArchive/Info.plist;
				INFOPLIST_KEY_UIApplicationSupportsIndirectInputEvents = YES;
				INFOPLIST_KEY_UILaunchStoryboardName = LaunchScreen;
				INFOPLIST_KEY_UIMainStoryboardFile = Main;
				INFOPLIST_KEY_UISupportedInterfaceOrientations_iPad = "UIInterfaceOrientationPortrait UIInterfaceOrientationPortraitUpsideDown UIInterfaceOrientationLandscapeLeft UIInterfaceOrientationLandscapeRight";
				INFOPLIST_KEY_UISupportedInterfaceOrientations_iPhone = "UIInterfaceOrientationPortrait UIInterfaceOrientationLandscapeLeft UIInterfaceOrientationLandscapeRight";
				LD_RUNPATH_SEARCH_PATHS = (
					"$(inherited)",
					"@executable_path/Frameworks",
				);
				MARKETING_VERSION = 1.0;
				PRODUCT_BUNDLE_IDENTIFIER = com.template.GetSiteWebArchive;
				PRODUCT_NAME = "$(TARGET_NAME)";
				SWIFT_EMIT_LOC_STRINGS = YES;
				SWIFT_VERSION = 5.0;
				TARGETED_DEVICE_FAMILY = "1,2";
			};
			name = Debug;
		};
		D68422532B2DC62300DF0EC0 /* Release */ = {
			isa = XCBuildConfiguration;
			buildSettings = {
				ASSETCATALOG_COMPILER_APPICON_NAME = AppIcon;
				ASSETCATALOG_COMPILER_GLOBAL_ACCENT_COLOR_NAME = AccentColor;
				CODE_SIGN_STYLE = Automatic;
				CURRENT_PROJECT_VERSION = 1;
				GENERATE_INFOPLIST_FILE = YES;
				INFOPLIST_FILE = GetSiteWebArchive/Info.plist;
				INFOPLIST_KEY_UIApplicationSupportsIndirectInputEvents = YES;
				INFOPLIST_KEY_UILaunchStoryboardName = LaunchScreen;
				INFOPLIST_KEY_UIMainStoryboardFile = Main;
				INFOPLIST_KEY_UISupportedInterfaceOrientations_iPad = "UIInterfaceOrientationPortrait UIInterfaceOrientationPortraitUpsideDown UIInterfaceOrientationLandscapeLeft UIInterfaceOrientationLandscapeRight";
				INFOPLIST_KEY_UISupportedInterfaceOrientations_iPhone = "UIInterfaceOrientationPortrait UIInterfaceOrientationLandscapeLeft UIInterfaceOrientationLandscapeRight";
				LD_RUNPATH_SEARCH_PATHS = (
					"$(inherited)",
					"@executable_path/Frameworks",
				);
				MARKETING_VERSION = 1.0;
				PRODUCT_BUNDLE_IDENTIFIER = com.template.GetSiteWebArchive;
				PRODUCT_NAME = "$(TARGET_NAME)";
				SWIFT_EMIT_LOC_STRINGS = YES;
				SWIFT_VERSION = 5.0;
				TARGETED_DEVICE_FAMILY = "1,2";
			};
			name = Release;
		};
		D68422552B2DC62300DF0EC0 /* Debug */ = {
			isa = XCBuildConfiguration;
			buildSettings = {
				ALWAYS_EMBED_SWIFT_STANDARD_LIBRARIES = YES;
				BUNDLE_LOADER = "$(TEST_HOST)";
				CODE_SIGN_STYLE = Automatic;
				CURRENT_PROJECT_VERSION = 1;
				GENERATE_INFOPLIST_FILE = YES;
				IPHONEOS_DEPLOYMENT_TARGET = 17.2;
				MARKETING_VERSION = 1.0;
				PRODUCT_BUNDLE_IDENTIFIER = com.template.GetSiteWebArchiveTests;
				PRODUCT_NAME = "$(TARGET_NAME)";
				SWIFT_EMIT_LOC_STRINGS = NO;
				SWIFT_VERSION = 5.0;
				TARGETED_DEVICE_FAMILY = "1,2";
				TEST_HOST = "$(BUILT_PRODUCTS_DIR)/GetSiteWebArchive.app/$(BUNDLE_EXECUTABLE_FOLDER_PATH)/GetSiteWebArchive";
			};
			name = Debug;
		};
		D68422562B2DC62300DF0EC0 /* Release */ = {
			isa = XCBuildConfiguration;
			buildSettings = {
				ALWAYS_EMBED_SWIFT_STANDARD_LIBRARIES = YES;
				BUNDLE_LOADER = "$(TEST_HOST)";
				CODE_SIGN_STYLE = Automatic;
				CURRENT_PROJECT_VERSION = 1;
				GENERATE_INFOPLIST_FILE = YES;
				IPHONEOS_DEPLOYMENT_TARGET = 17.2;
				MARKETING_VERSION = 1.0;
				PRODUCT_BUNDLE_IDENTIFIER = com.template.GetSiteWebArchiveTests;
				PRODUCT_NAME = "$(TARGET_NAME)";
				SWIFT_EMIT_LOC_STRINGS = NO;
				SWIFT_VERSION = 5.0;
				TARGETED_DEVICE_FAMILY = "1,2";
				TEST_HOST = "$(BUILT_PRODUCTS_DIR)/GetSiteWebArchive.app/$(BUNDLE_EXECUTABLE_FOLDER_PATH)/GetSiteWebArchive";
			};
			name = Release;
		};
		D68422582B2DC62300DF0EC0 /* Debug */ = {
			isa = XCBuildConfiguration;
			buildSettings = {
				ALWAYS_EMBED_SWIFT_STANDARD_LIBRARIES = YES;
				CODE_SIGN_STYLE = Automatic;
				CURRENT_PROJECT_VERSION = 1;
				GENERATE_INFOPLIST_FILE = YES;
				MARKETING_VERSION = 1.0;
				PRODUCT_BUNDLE_IDENTIFIER = com.template.GetSiteWebArchiveUITests;
				PRODUCT_NAME = "$(TARGET_NAME)";
				SWIFT_EMIT_LOC_STRINGS = NO;
				SWIFT_VERSION = 5.0;
				TARGETED_DEVICE_FAMILY = "1,2";
				TEST_TARGET_NAME = GetSiteWebArchive;
			};
			name = Debug;
		};
		D68422592B2DC62300DF0EC0 /* Release */ = {
			isa = XCBuildConfiguration;
			buildSettings = {
				ALWAYS_EMBED_SWIFT_STANDARD_LIBRARIES = YES;
				CODE_SIGN_STYLE = Automatic;
				CURRENT_PROJECT_VERSION = 1;
				GENERATE_INFOPLIST_FILE = YES;
				MARKETING_VERSION = 1.0;
				PRODUCT_BUNDLE_IDENTIFIER = com.template.GetSiteWebArchiveUITests;
				PRODUCT_NAME = "$(TARGET_NAME)";
				SWIFT_EMIT_LOC_STRINGS = NO;
				SWIFT_VERSION = 5.0;
				TARGETED_DEVICE_FAMILY = "1,2";
				TEST_TARGET_NAME = GetSiteWebArchive;
			};
			name = Release;
		};
/* End XCBuildConfiguration section */

/* Begin XCConfigurationList section */
		D68422222B2DC62000DF0EC0 /* Build configuration list for PBXProject "GetSiteWebArchive" */ = {
			isa = XCConfigurationList;
			buildConfigurations = (
				D684224F2B2DC62300DF0EC0 /* Debug */,
				D68422502B2DC62300DF0EC0 /* Release */,
			);
			defaultConfigurationIsVisible = 0;
			defaultConfigurationName = Release;
		};
		D68422512B2DC62300DF0EC0 /* Build configuration list for PBXNativeTarget "GetSiteWebArchive" */ = {
			isa = XCConfigurationList;
			buildConfigurations = (
				D68422522B2DC62300DF0EC0 /* Debug */,
				D68422532B2DC62300DF0EC0 /* Release */,
			);
			defaultConfigurationIsVisible = 0;
			defaultConfigurationName = Release;
		};
		D68422542B2DC62300DF0EC0 /* Build configuration list for PBXNativeTarget "GetSiteWebArchiveTests" */ = {
			isa = XCConfigurationList;
			buildConfigurations = (
				D68422552B2DC62300DF0EC0 /* Debug */,
				D68422562B2DC62300DF0EC0 /* Release */,
			);
			defaultConfigurationIsVisible = 0;
			defaultConfigurationName = Release;
		};
		D68422572B2DC62300DF0EC0 /* Build configuration list for PBXNativeTarget "GetSiteWebArchiveUITests" */ = {
			isa = XCConfigurationList;
			buildConfigurations = (
				D68422582B2DC62300DF0EC0 /* Debug */,
				D68422592B2DC62300DF0EC0 /* Release */,
			);
			defaultConfigurationIsVisible = 0;
			defaultConfigurationName = Release;
		};
/* End XCConfigurationList section */
	};
	rootObject = D684221F2B2DC62000DF0EC0 /* Project object */;
}
